{
  "nodes": {
    "nixpkgs": {
      "locked": {
        "lastModified": 1735563628,
        "narHash": "sha256-OnSAY7XDSx7CtDoqNh8jwVwh4xNL/2HaJxGjryLWzX8=",
        "owner": "NixOS",
        "repo": "nixpkgs",
        "rev": "b134951a4c9f3c995fd7be05f3243f8ecd65d798",
        "type": "github"
      },
      "original": {
        "owner": "NixOS",
        "ref": "nixos-24.05",
        "repo": "nixpkgs",
        "type": "github"
      }
    },
    "nixpkgs_2": {
      "locked": {
        "lastModified": 1741600792,
        "narHash": "sha256-yfDy6chHcM7pXpMF4wycuuV+ILSTG486Z/vLx/Bdi6Y=",
        "owner": "NixOS",
        "repo": "nixpkgs",
        "rev": "ebe2788eafd539477f83775ef93c3c7e244421d3",
        "type": "github"
      },
      "original": {
        "owner": "NixOS",
        "ref": "nixos-24.11",
        "repo": "nixpkgs",
        "type": "github"
      }
    },
    "root": {
      "inputs": {
        "nixpkgs": "nixpkgs",
        "victoriaMetrics": "victoriaMetrics"
      }
    },
    "victoriaMetrics": {
      "inputs": {
        "nixpkgs": "nixpkgs_2"
      },
      "locked": {
        "lastModified": 1,
        "narHash": "sha256-O2C2eukPphP7tcRRM5axt761hAaXY7YzXO6VG9yV5rk=",
        "path": "/nix/store/i53fnr3ac542dlp4q0w2gmxxwdp7wh9p-source/flakes/victoria_metrics",
        "type": "path"
      },
      "original": {
        "path": "/nix/store/i53fnr3ac542dlp4q0w2gmxxwdp7wh9p-source/flakes/victoria_metrics",
        "type": "path"
      }
    }
  },
  "root": "root",
  "version": 7
}
